// !$*UTF8*$!
{
	archiveVersion = 1;
	classes = {
	};
	objectVersion = 52;
	objects = {

/* Begin PBXBuildFile section */
		4E025DC025DAC21600448017 /* ComicSource.swift in Sources */ = {isa = PBXBuildFile; fileRef = 4E025DBF25DAC21600448017 /* ComicSource.swift */; };
		4E025DC425DAC32200448017 /* ComicWindow.xib in Resources */ = {isa = PBXBuildFile; fileRef = 4E025DC325DAC32200448017 /* ComicWindow.xib */; };
		4E025DC725DAC38300448017 /* ComicWindowController.swift in Sources */ = {isa = PBXBuildFile; fileRef = 4E025DC625DAC38300448017 /* ComicWindowController.swift */; };
		4E025DCF25DAC65E00448017 /* CBZComic.swift in Sources */ = {isa = PBXBuildFile; fileRef = 4E025DCE25DAC65E00448017 /* CBZComic.swift */; };
		4E5D561A25DAF2790079B985 /* ComicView.swift in Sources */ = {isa = PBXBuildFile; fileRef = 4E5D561925DAF2790079B985 /* ComicView.swift */; };
		4E5D561F25DAFB010079B985 /* ComicWindow.swift in Sources */ = {isa = PBXBuildFile; fileRef = 4E5D561E25DAFB010079B985 /* ComicWindow.swift */; };
		4E8FCC4D25DA04BA00E13FFE /* AppDelegate.swift in Sources */ = {isa = PBXBuildFile; fileRef = 4E8FCC4C25DA04BA00E13FFE /* AppDelegate.swift */; };
		4E8FCC5125DA04BA00E13FFE /* CBZDocument.swift in Sources */ = {isa = PBXBuildFile; fileRef = 4E8FCC5025DA04BA00E13FFE /* CBZDocument.swift */; };
		4E8FCC5325DA04BB00E13FFE /* Assets.xcassets in Resources */ = {isa = PBXBuildFile; fileRef = 4E8FCC5225DA04BB00E13FFE /* Assets.xcassets */; };
		4E8FCC5625DA04BB00E13FFE /* Main.storyboard in Resources */ = {isa = PBXBuildFile; fileRef = 4E8FCC5425DA04BB00E13FFE /* Main.storyboard */; };
		4E8FCC8B25DA07A700E13FFE /* ZIPFoundation in Frameworks */ = {isa = PBXBuildFile; productRef = 4E8FCC8A25DA07A700E13FFE /* ZIPFoundation */; };
/* End PBXBuildFile section */

/* Begin PBXFileReference section */
		4E025DBF25DAC21600448017 /* ComicSource.swift */ = {isa = PBXFileReference; lastKnownFileType = sourcecode.swift; path = ComicSource.swift; sourceTree = "<group>"; };
		4E025DC325DAC32200448017 /* ComicWindow.xib */ = {isa = PBXFileReference; lastKnownFileType = file.xib; path = ComicWindow.xib; sourceTree = "<group>"; };
		4E025DC625DAC38300448017 /* ComicWindowController.swift */ = {isa = PBXFileReference; lastKnownFileType = sourcecode.swift; path = ComicWindowController.swift; sourceTree = "<group>"; };
		4E025DCE25DAC65E00448017 /* CBZComic.swift */ = {isa = PBXFileReference; lastKnownFileType = sourcecode.swift; path = CBZComic.swift; sourceTree = "<group>"; };
		4E5D561925DAF2790079B985 /* ComicView.swift */ = {isa = PBXFileReference; lastKnownFileType = sourcecode.swift; path = ComicView.swift; sourceTree = "<group>"; };
		4E5D561E25DAFB010079B985 /* ComicWindow.swift */ = {isa = PBXFileReference; lastKnownFileType = sourcecode.swift; path = ComicWindow.swift; sourceTree = "<group>"; };
		4E8FCC4925DA04BA00E13FFE /* Commic.app */ = {isa = PBXFileReference; explicitFileType = wrapper.application; includeInIndex = 0; path = Commic.app; sourceTree = BUILT_PRODUCTS_DIR; };
		4E8FCC4C25DA04BA00E13FFE /* AppDelegate.swift */ = {isa = PBXFileReference; lastKnownFileType = sourcecode.swift; path = AppDelegate.swift; sourceTree = "<group>"; };
		4E8FCC5025DA04BA00E13FFE /* CBZDocument.swift */ = {isa = PBXFileReference; lastKnownFileType = sourcecode.swift; path = CBZDocument.swift; sourceTree = "<group>"; };
		4E8FCC5225DA04BB00E13FFE /* Assets.xcassets */ = {isa = PBXFileReference; lastKnownFileType = folder.assetcatalog; path = Assets.xcassets; sourceTree = "<group>"; };
		4E8FCC5525DA04BB00E13FFE /* Base */ = {isa = PBXFileReference; lastKnownFileType = file.storyboard; name = Base; path = Base.lproj/Main.storyboard; sourceTree = "<group>"; };
		4E8FCC5725DA04BB00E13FFE /* Info.plist */ = {isa = PBXFileReference; lastKnownFileType = text.plist.xml; path = Info.plist; sourceTree = "<group>"; };
		4E8FCC5825DA04BB00E13FFE /* Commic.entitlements */ = {isa = PBXFileReference; lastKnownFileType = text.plist.entitlements; path = Commic.entitlements; sourceTree = "<group>"; };
/* End PBXFileReference section */

/* Begin PBXFrameworksBuildPhase section */
		4E8FCC4625DA04BA00E13FFE /* Frameworks */ = {
			isa = PBXFrameworksBuildPhase;
			buildActionMask = 2147483647;
			files = (
				4E8FCC8B25DA07A700E13FFE /* ZIPFoundation in Frameworks */,
			);
			runOnlyForDeploymentPostprocessing = 0;
		};
/* End PBXFrameworksBuildPhase section */

/* Begin PBXGroup section */
		4E8FCC4025DA04BA00E13FFE = {
			isa = PBXGroup;
			children = (
				4E8FCC4B25DA04BA00E13FFE /* Mac */,
				4E8FCC4A25DA04BA00E13FFE /* Products */,
			);
			sourceTree = "<group>";
		};
		4E8FCC4A25DA04BA00E13FFE /* Products */ = {
			isa = PBXGroup;
			children = (
				4E8FCC4925DA04BA00E13FFE /* Commic.app */,
			);
			name = Products;
			sourceTree = "<group>";
		};
		4E8FCC4B25DA04BA00E13FFE /* Mac */ = {
			isa = PBXGroup;
			children = (
				4E8FCC4C25DA04BA00E13FFE /* AppDelegate.swift */,
				4E8FCC5225DA04BB00E13FFE /* Assets.xcassets */,
				4E025DCE25DAC65E00448017 /* CBZComic.swift */,
				4E8FCC5025DA04BA00E13FFE /* CBZDocument.swift */,
				4E025DBF25DAC21600448017 /* ComicSource.swift */,
				4E025DC325DAC32200448017 /* ComicWindow.xib */,
				4E025DC625DAC38300448017 /* ComicWindowController.swift */,
				4E5D561925DAF2790079B985 /* ComicView.swift */,
				4E5D561E25DAFB010079B985 /* ComicWindow.swift */,
				4E8FCC5825DA04BB00E13FFE /* Commic.entitlements */,
				4E8FCC5725DA04BB00E13FFE /* Info.plist */,
				4E8FCC5425DA04BB00E13FFE /* Main.storyboard */,
			);
			path = Mac;
			sourceTree = "<group>";
		};
/* End PBXGroup section */

/* Begin PBXNativeTarget section */
		4E8FCC4825DA04BA00E13FFE /* Commic */ = {
			isa = PBXNativeTarget;
			buildConfigurationList = 4E8FCC7125DA04BB00E13FFE /* Build configuration list for PBXNativeTarget "Commic" */;
			buildPhases = (
				4E8FCC4525DA04BA00E13FFE /* Sources */,
				4E8FCC4625DA04BA00E13FFE /* Frameworks */,
				4E8FCC4725DA04BA00E13FFE /* Resources */,
			);
			buildRules = (
			);
			dependencies = (
			);
			name = Commic;
			packageProductDependencies = (
				4E8FCC8A25DA07A700E13FFE /* ZIPFoundation */,
			);
			productName = Commic;
			productReference = 4E8FCC4925DA04BA00E13FFE /* Commic.app */;
			productType = "com.apple.product-type.application";
		};
/* End PBXNativeTarget section */

/* Begin PBXProject section */
		4E8FCC4125DA04BA00E13FFE /* Project object */ = {
			isa = PBXProject;
			attributes = {
				LastSwiftUpdateCheck = 1240;
				LastUpgradeCheck = 1240;
				TargetAttributes = {
					4E8FCC4825DA04BA00E13FFE = {
						CreatedOnToolsVersion = 12.4;
					};
				};
			};
			buildConfigurationList = 4E8FCC4425DA04BA00E13FFE /* Build configuration list for PBXProject "Commic" */;
			compatibilityVersion = "Xcode 9.3";
			developmentRegion = en;
			hasScannedForEncodings = 0;
			knownRegions = (
				en,
				Base,
			);
			mainGroup = 4E8FCC4025DA04BA00E13FFE;
			packageReferences = (
				4E8FCC8925DA07A700E13FFE /* XCRemoteSwiftPackageReference "ZIPFoundation" */,
			);
			productRefGroup = 4E8FCC4A25DA04BA00E13FFE /* Products */;
			projectDirPath = "";
			projectRoot = "";
			targets = (
				4E8FCC4825DA04BA00E13FFE /* Commic */,
			);
		};
/* End PBXProject section */

/* Begin PBXResourcesBuildPhase section */
		4E8FCC4725DA04BA00E13FFE /* Resources */ = {
			isa = PBXResourcesBuildPhase;
			buildActionMask = 2147483647;
			files = (
				4E8FCC5325DA04BB00E13FFE /* Assets.xcassets in Resources */,
				4E8FCC5625DA04BB00E13FFE /* Main.storyboard in Resources */,
				4E025DC425DAC32200448017 /* ComicWindow.xib in Resources */,
			);
			runOnlyForDeploymentPostprocessing = 0;
		};
/* End PBXResourcesBuildPhase section */

/* Begin PBXSourcesBuildPhase section */
		4E8FCC4525DA04BA00E13FFE /* Sources */ = {
			isa = PBXSourcesBuildPhase;
			buildActionMask = 2147483647;
			files = (
				4E8FCC4D25DA04BA00E13FFE /* AppDelegate.swift in Sources */,
				4E025DC725DAC38300448017 /* ComicWindowController.swift in Sources */,
				4E5D561A25DAF2790079B985 /* ComicView.swift in Sources */,
				4E025DCF25DAC65E00448017 /* CBZComic.swift in Sources */,
				4E025DC025DAC21600448017 /* ComicSource.swift in Sources */,
				4E5D561F25DAFB010079B985 /* ComicWindow.swift in Sources */,
				4E8FCC5125DA04BA00E13FFE /* CBZDocument.swift in Sources */,
			);
			runOnlyForDeploymentPostprocessing = 0;
		};
/* End PBXSourcesBuildPhase section */

/* Begin PBXVariantGroup section */
		4E8FCC5425DA04BB00E13FFE /* Main.storyboard */ = {
			isa = PBXVariantGroup;
			children = (
				4E8FCC5525DA04BB00E13FFE /* Base */,
			);
			name = Main.storyboard;
			sourceTree = "<group>";
		};
/* End PBXVariantGroup section */

/* Begin XCBuildConfiguration section */
		4E8FCC6F25DA04BB00E13FFE /* Debug */ = {
			isa = XCBuildConfiguration;
			buildSettings = {
				ALWAYS_SEARCH_USER_PATHS = NO;
				CLANG_ANALYZER_NONNULL = YES;
				CLANG_ANALYZER_NUMBER_OBJECT_CONVERSION = YES_AGGRESSIVE;
				CLANG_CXX_LANGUAGE_STANDARD = "gnu++14";
				CLANG_CXX_LIBRARY = "libc++";
				CLANG_ENABLE_MODULES = YES;
				CLANG_ENABLE_OBJC_ARC = YES;
				CLANG_ENABLE_OBJC_WEAK = YES;
				CLANG_WARN_BLOCK_CAPTURE_AUTORELEASING = YES;
				CLANG_WARN_BOOL_CONVERSION = YES;
				CLANG_WARN_COMMA = YES;
				CLANG_WARN_CONSTANT_CONVERSION = YES;
				CLANG_WARN_DEPRECATED_OBJC_IMPLEMENTATIONS = YES;
				CLANG_WARN_DIRECT_OBJC_ISA_USAGE = YES_ERROR;
				CLANG_WARN_DOCUMENTATION_COMMENTS = YES;
				CLANG_WARN_EMPTY_BODY = YES;
				CLANG_WARN_ENUM_CONVERSION = YES;
				CLANG_WARN_INFINITE_RECURSION = YES;
				CLANG_WARN_INT_CONVERSION = YES;
				CLANG_WARN_NON_LITERAL_NULL_CONVERSION = YES;
				CLANG_WARN_OBJC_IMPLICIT_RETAIN_SELF = YES;
				CLANG_WARN_OBJC_LITERAL_CONVERSION = YES;
				CLANG_WARN_OBJC_ROOT_CLASS = YES_ERROR;
				CLANG_WARN_QUOTED_INCLUDE_IN_FRAMEWORK_HEADER = YES;
				CLANG_WARN_RANGE_LOOP_ANALYSIS = YES;
				CLANG_WARN_STRICT_PROTOTYPES = YES;
				CLANG_WARN_SUSPICIOUS_MOVE = YES;
				CLANG_WARN_UNGUARDED_AVAILABILITY = YES_AGGRESSIVE;
				CLANG_WARN_UNREACHABLE_CODE = YES;
				CLANG_WARN__DUPLICATE_METHOD_MATCH = YES;
				COPY_PHASE_STRIP = NO;
				DEBUG_INFORMATION_FORMAT = dwarf;
				ENABLE_STRICT_OBJC_MSGSEND = YES;
				ENABLE_TESTABILITY = YES;
				GCC_C_LANGUAGE_STANDARD = gnu11;
				GCC_DYNAMIC_NO_PIC = NO;
				GCC_NO_COMMON_BLOCKS = YES;
				GCC_OPTIMIZATION_LEVEL = 0;
				GCC_PREPROCESSOR_DEFINITIONS = (
					"DEBUG=1",
					"$(inherited)",
				);
				GCC_WARN_64_TO_32_BIT_CONVERSION = YES;
				GCC_WARN_ABOUT_RETURN_TYPE = YES_ERROR;
				GCC_WARN_UNDECLARED_SELECTOR = YES;
				GCC_WARN_UNINITIALIZED_AUTOS = YES_AGGRESSIVE;
				GCC_WARN_UNUSED_FUNCTION = YES;
				GCC_WARN_UNUSED_VARIABLE = YES;
				MACOSX_DEPLOYMENT_TARGET = 11.1;
				MTL_ENABLE_DEBUG_INFO = INCLUDE_SOURCE;
				MTL_FAST_MATH = YES;
				ONLY_ACTIVE_ARCH = YES;
				SDKROOT = macosx;
				SWIFT_ACTIVE_COMPILATION_CONDITIONS = DEBUG;
				SWIFT_OPTIMIZATION_LEVEL = "-Onone";
			};
			name = Debug;
		};
		4E8FCC7025DA04BB00E13FFE /* Release */ = {
			isa = XCBuildConfiguration;
			buildSettings = {
				ALWAYS_SEARCH_USER_PATHS = NO;
				CLANG_ANALYZER_NONNULL = YES;
				CLANG_ANALYZER_NUMBER_OBJECT_CONVERSION = YES_AGGRESSIVE;
				CLANG_CXX_LANGUAGE_STANDARD = "gnu++14";
				CLANG_CXX_LIBRARY = "libc++";
				CLANG_ENABLE_MODULES = YES;
				CLANG_ENABLE_OBJC_ARC = YES;
				CLANG_ENABLE_OBJC_WEAK = YES;
				CLANG_WARN_BLOCK_CAPTURE_AUTORELEASING = YES;
				CLANG_WARN_BOOL_CONVERSION = YES;
				CLANG_WARN_COMMA = YES;
				CLANG_WARN_CONSTANT_CONVERSION = YES;
				CLANG_WARN_DEPRECATED_OBJC_IMPLEMENTATIONS = YES;
				CLANG_WARN_DIRECT_OBJC_ISA_USAGE = YES_ERROR;
				CLANG_WARN_DOCUMENTATION_COMMENTS = YES;
				CLANG_WARN_EMPTY_BODY = YES;
				CLANG_WARN_ENUM_CONVERSION = YES;
				CLANG_WARN_INFINITE_RECURSION = YES;
				CLANG_WARN_INT_CONVERSION = YES;
				CLANG_WARN_NON_LITERAL_NULL_CONVERSION = YES;
				CLANG_WARN_OBJC_IMPLICIT_RETAIN_SELF = YES;
				CLANG_WARN_OBJC_LITERAL_CONVERSION = YES;
				CLANG_WARN_OBJC_ROOT_CLASS = YES_ERROR;
				CLANG_WARN_QUOTED_INCLUDE_IN_FRAMEWORK_HEADER = YES;
				CLANG_WARN_RANGE_LOOP_ANALYSIS = YES;
				CLANG_WARN_STRICT_PROTOTYPES = YES;
				CLANG_WARN_SUSPICIOUS_MOVE = YES;
				CLANG_WARN_UNGUARDED_AVAILABILITY = YES_AGGRESSIVE;
				CLANG_WARN_UNREACHABLE_CODE = YES;
				CLANG_WARN__DUPLICATE_METHOD_MATCH = YES;
				COPY_PHASE_STRIP = NO;
				DEBUG_INFORMATION_FORMAT = "dwarf-with-dsym";
				ENABLE_NS_ASSERTIONS = NO;
				ENABLE_STRICT_OBJC_MSGSEND = YES;
				GCC_C_LANGUAGE_STANDARD = gnu11;
				GCC_NO_COMMON_BLOCKS = YES;
				GCC_WARN_64_TO_32_BIT_CONVERSION = YES;
				GCC_WARN_ABOUT_RETURN_TYPE = YES_ERROR;
				GCC_WARN_UNDECLARED_SELECTOR = YES;
				GCC_WARN_UNINITIALIZED_AUTOS = YES_AGGRESSIVE;
				GCC_WARN_UNUSED_FUNCTION = YES;
				GCC_WARN_UNUSED_VARIABLE = YES;
				MACOSX_DEPLOYMENT_TARGET = 11.1;
				MTL_ENABLE_DEBUG_INFO = NO;
				MTL_FAST_MATH = YES;
				SDKROOT = macosx;
				SWIFT_COMPILATION_MODE = wholemodule;
				SWIFT_OPTIMIZATION_LEVEL = "-O";
			};
			name = Release;
		};
		4E8FCC7225DA04BB00E13FFE /* Debug */ = {
			isa = XCBuildConfiguration;
			buildSettings = {
				ASSETCATALOG_COMPILER_APPICON_NAME = AppIcon;
				ASSETCATALOG_COMPILER_GLOBAL_ACCENT_COLOR_NAME = AccentColor;
				CODE_SIGN_ENTITLEMENTS = Mac/Commic.entitlements;
				CODE_SIGN_STYLE = Automatic;
				COMBINE_HIDPI_IMAGES = YES;
				DEVELOPMENT_TEAM = LDL4S5S8SE;
				ENABLE_HARDENED_RUNTIME = YES;
				INFOPLIST_FILE = Mac/Info.plist;
				LD_RUNPATH_SEARCH_PATHS = (
					"$(inherited)",
					"@executable_path/../Frameworks",
				);
				PRODUCT_BUNDLE_IDENTIFIER = moe.silva.Commic;
				PRODUCT_NAME = "$(TARGET_NAME)";
				SWIFT_VERSION = 5.0;
			};
			name = Debug;
		};
		4E8FCC7325DA04BB00E13FFE /* Release */ = {
			isa = XCBuildConfiguration;
			buildSettings = {
				ASSETCATALOG_COMPILER_APPICON_NAME = AppIcon;
				ASSETCATALOG_COMPILER_GLOBAL_ACCENT_COLOR_NAME = AccentColor;
				CODE_SIGN_ENTITLEMENTS = Mac/Commic.entitlements;
				CODE_SIGN_STYLE = Automatic;
				COMBINE_HIDPI_IMAGES = YES;
				DEVELOPMENT_TEAM = LDL4S5S8SE;
				ENABLE_HARDENED_RUNTIME = YES;
				INFOPLIST_FILE = Mac/Info.plist;
				LD_RUNPATH_SEARCH_PATHS = (
					"$(inherited)",
					"@executable_path/../Frameworks",
				);
				PRODUCT_BUNDLE_IDENTIFIER = moe.silva.Commic;
				PRODUCT_NAME = "$(TARGET_NAME)";
				SWIFT_VERSION = 5.0;
			};
			name = Release;
		};
/* End XCBuildConfiguration section */

/* Begin XCConfigurationList section */
		4E8FCC4425DA04BA00E13FFE /* Build configuration list for PBXProject "Commic" */ = {
			isa = XCConfigurationList;
			buildConfigurations = (
				4E8FCC6F25DA04BB00E13FFE /* Debug */,
				4E8FCC7025DA04BB00E13FFE /* Release */,
			);
			defaultConfigurationIsVisible = 0;
			defaultConfigurationName = Release;
		};
		4E8FCC7125DA04BB00E13FFE /* Build configuration list for PBXNativeTarget "Commic" */ = {
			isa = XCConfigurationList;
			buildConfigurations = (
				4E8FCC7225DA04BB00E13FFE /* Debug */,
				4E8FCC7325DA04BB00E13FFE /* Release */,
			);
			defaultConfigurationIsVisible = 0;
			defaultConfigurationName = Release;
		};
/* End XCConfigurationList section */

/* Begin XCRemoteSwiftPackageReference section */
		4E8FCC8925DA07A700E13FFE /* XCRemoteSwiftPackageReference "ZIPFoundation" */ = {
			isa = XCRemoteSwiftPackageReference;
			repositoryURL = "https://github.com/weichsel/ZIPFoundation";
			requirement = {
				kind = upToNextMajorVersion;
				minimumVersion = 0.9.11;
			};
		};
/* End XCRemoteSwiftPackageReference section */

/* Begin XCSwiftPackageProductDependency section */
		4E8FCC8A25DA07A700E13FFE /* ZIPFoundation */ = {
			isa = XCSwiftPackageProductDependency;
			package = 4E8FCC8925DA07A700E13FFE /* XCRemoteSwiftPackageReference "ZIPFoundation" */;
			productName = ZIPFoundation;
		};
/* End XCSwiftPackageProductDependency section */
	};
	rootObject = 4E8FCC4125DA04BA00E13FFE /* Project object */;
}
